Microsoft Visual Studio Solution File, Format Version 12.00
# Visual Studio Version 17
VisualStudioVersion = 17.5.2.0
MinimumVisualStudioVersion = 10.0.40219.1
Project("{FAE04EC0-301F-11D3-BF4B-00C04F79EFBC}") = "common-data-utils", "common-data-utils.csproj", "{2FA874AD-9E3F-B017-EA86-C1E4FC1CD96A}"
EndProject
Global
	GlobalSection(SolutionConfigurationPlatforms) = preSolution
		Debug|Any CPU = Debug|Any CPU
		Release|Any CPU = Release|Any CPU
	EndGlobalSection
	GlobalSection(ProjectConfigurationPlatforms) = postSolution
		{2FA874AD-9E3F-B017-EA86-C1E4FC1CD96A}.Debug|Any CPU.ActiveCfg = Debug|Any CPU
		{2FA874AD-9E3F-B017-EA86-C1E4FC1CD96A}.Debug|Any CPU.Build.0 = Debug|Any CPU
		{2FA874AD-9E3F-B017-EA86-C1E4FC1CD96A}.Release|Any CPU.ActiveCfg = Release|Any CPU
		{2FA874AD-9E3F-B017-EA86-C1E4FC1CD96A}.Release|Any CPU.Build.0 = Release|Any CPU
	EndGlobalSection
	GlobalSection(SolutionProperties) = preSolution
		HideSolutionNode = FALSE
	EndGlobalSection
	GlobalSection(ExtensibilityGlobals) = postSolution
		SolutionGuid = {267F2821-7510-4293-AF62-DAB6485A4FE0}
	EndGlobalSection
EndGlobal
